
Microsoft Visual Studio Solution File, Format Version 12.00
# Visual Studio Version 17
VisualStudioVersion = 17.0.32126.317
MinimumVisualStudioVersion = 10.0.40219.1
Project("{FAE04EC0-301F-11D3-BF4B-00C04F79EFBC}") = "clase5.1winforms", "clase5.1winforms\clase5.1winforms.csproj", "{5CC2FACE-CFCC-4C17-8542-E3F84CD183EA}"
EndProject
Global
	GlobalSection(SolutionConfigurationPlatforms) = preSolution
		Debug|Any CPU = Debug|Any CPU
		Release|Any CPU = Release|Any CPU
	EndGlobalSection
	GlobalSection(ProjectConfigurationPlatforms) = postSolution
		{5CC2FACE-CFCC-4C17-8542-E3F84CD183EA}.Debug|Any CPU.ActiveCfg = Debug|Any CPU
		{5CC2FACE-CFCC-4C17-8542-E3F84CD183EA}.Debug|Any CPU.Build.0 = Debug|Any CPU
		{5CC2FACE-CFCC-4C17-8542-E3F84CD183EA}.Release|Any CPU.ActiveCfg = Release|Any CPU
		{5CC2FACE-CFCC-4C17-8542-E3F84CD183EA}.Release|Any CPU.Build.0 = Release|Any CPU
	EndGlobalSection
	GlobalSection(SolutionProperties) = preSolution
		HideSolutionNode = FALSE
	EndGlobalSection
	GlobalSection(ExtensibilityGlobals) = postSolution
		SolutionGuid = {7A4E7A56-6447-44A8-A536-2E3A19BF003A}
	EndGlobalSection
EndGlobal
