
Microsoft Visual Studio Solution File, Format Version 12.00
# Visual Studio Version 16
VisualStudioVersion = 16.0.32106.194
MinimumVisualStudioVersion = 10.0.40219.1
Project("{FAE04EC0-301F-11D3-BF4B-00C04F79EFBC}") = "WFConCollecciones", "WFConCollecciones\WFConCollecciones.csproj", "{D209EB0F-ED62-42E8-A614-20103C34A41A}"
EndProject
Global
	GlobalSection(SolutionConfigurationPlatforms) = preSolution
		Debug|Any CPU = Debug|Any CPU
		Release|Any CPU = Release|Any CPU
	EndGlobalSection
	GlobalSection(ProjectConfigurationPlatforms) = postSolution
		{D209EB0F-ED62-42E8-A614-20103C34A41A}.Debug|Any CPU.ActiveCfg = Debug|Any CPU
		{D209EB0F-ED62-42E8-A614-20103C34A41A}.Debug|Any CPU.Build.0 = Debug|Any CPU
		{D209EB0F-ED62-42E8-A614-20103C34A41A}.Release|Any CPU.ActiveCfg = Release|Any CPU
		{D209EB0F-ED62-42E8-A614-20103C34A41A}.Release|Any CPU.Build.0 = Release|Any CPU
	EndGlobalSection
	GlobalSection(SolutionProperties) = preSolution
		HideSolutionNode = FALSE
	EndGlobalSection
	GlobalSection(ExtensibilityGlobals) = postSolution
		SolutionGuid = {79952345-D196-4E8B-B34F-89DE856B951F}
	EndGlobalSection
EndGlobal
