
Microsoft Visual Studio Solution File, Format Version 12.00
# Visual Studio Version 17
VisualStudioVersion = 17.0.32126.317
MinimumVisualStudioVersion = 10.0.40219.1
Project("{FAE04EC0-301F-11D3-BF4B-00C04F79EFBC}") = "ejercicio", "ejercicio\ejercicio.csproj", "{17461360-F757-46CB-BB60-51498A251A76}"
EndProject
Global
	GlobalSection(SolutionConfigurationPlatforms) = preSolution
		Debug|Any CPU = Debug|Any CPU
		Release|Any CPU = Release|Any CPU
	EndGlobalSection
	GlobalSection(ProjectConfigurationPlatforms) = postSolution
		{17461360-F757-46CB-BB60-51498A251A76}.Debug|Any CPU.ActiveCfg = Debug|Any CPU
		{17461360-F757-46CB-BB60-51498A251A76}.Debug|Any CPU.Build.0 = Debug|Any CPU
		{17461360-F757-46CB-BB60-51498A251A76}.Release|Any CPU.ActiveCfg = Release|Any CPU
		{17461360-F757-46CB-BB60-51498A251A76}.Release|Any CPU.Build.0 = Release|Any CPU
	EndGlobalSection
	GlobalSection(SolutionProperties) = preSolution
		HideSolutionNode = FALSE
	EndGlobalSection
	GlobalSection(ExtensibilityGlobals) = postSolution
		SolutionGuid = {D9B08372-5EB2-4C6C-B6A4-B01A4BCB449F}
	EndGlobalSection
EndGlobal
