
Microsoft Visual Studio Solution File, Format Version 12.00
# Visual Studio 15
VisualStudioVersion = 15.0.28307.1401
MinimumVisualStudioVersion = 10.0.40219.1
Project("{FAE04EC0-301F-11D3-BF4B-00C04F79EFBC}") = "EjerciciosPOO", "EjerciciosPOO\EjerciciosPOO.csproj", "{225A2843-9E0D-41AF-ADCB-D56957656955}"
EndProject
Project("{FAE04EC0-301F-11D3-BF4B-00C04F79EFBC}") = "Ejer2POO", "Ejer2POO\Ejer2POO.csproj", "{CF4E0E39-6532-4C55-8FFD-09356FB366BF}"
EndProject
Global
	GlobalSection(SolutionConfigurationPlatforms) = preSolution
		Debug|Any CPU = Debug|Any CPU
		Release|Any CPU = Release|Any CPU
	EndGlobalSection
	GlobalSection(ProjectConfigurationPlatforms) = postSolution
		{225A2843-9E0D-41AF-ADCB-D56957656955}.Debug|Any CPU.ActiveCfg = Debug|Any CPU
		{225A2843-9E0D-41AF-ADCB-D56957656955}.Debug|Any CPU.Build.0 = Debug|Any CPU
		{225A2843-9E0D-41AF-ADCB-D56957656955}.Release|Any CPU.ActiveCfg = Release|Any CPU
		{225A2843-9E0D-41AF-ADCB-D56957656955}.Release|Any CPU.Build.0 = Release|Any CPU
		{CF4E0E39-6532-4C55-8FFD-09356FB366BF}.Debug|Any CPU.ActiveCfg = Debug|Any CPU
		{CF4E0E39-6532-4C55-8FFD-09356FB366BF}.Debug|Any CPU.Build.0 = Debug|Any CPU
		{CF4E0E39-6532-4C55-8FFD-09356FB366BF}.Release|Any CPU.ActiveCfg = Release|Any CPU
		{CF4E0E39-6532-4C55-8FFD-09356FB366BF}.Release|Any CPU.Build.0 = Release|Any CPU
	EndGlobalSection
	GlobalSection(SolutionProperties) = preSolution
		HideSolutionNode = FALSE
	EndGlobalSection
	GlobalSection(ExtensibilityGlobals) = postSolution
		SolutionGuid = {E860F8D3-60D0-4EE8-943A-4EDEBEB5CD9E}
	EndGlobalSection
EndGlobal
