
Microsoft Visual Studio Solution File, Format Version 12.00
# Visual Studio Version 17
VisualStudioVersion = 17.0.32126.317
MinimumVisualStudioVersion = 10.0.40219.1
Project("{FAE04EC0-301F-11D3-BF4B-00C04F79EFBC}") = "Clase11ASP", "Clase11ASP\Clase11ASP.csproj", "{ABDD982F-3BF3-4B56-AB71-D3B16F80BFD8}"
EndProject
Global
	GlobalSection(SolutionConfigurationPlatforms) = preSolution
		Debug|Any CPU = Debug|Any CPU
		Release|Any CPU = Release|Any CPU
	EndGlobalSection
	GlobalSection(ProjectConfigurationPlatforms) = postSolution
		{ABDD982F-3BF3-4B56-AB71-D3B16F80BFD8}.Debug|Any CPU.ActiveCfg = Debug|Any CPU
		{ABDD982F-3BF3-4B56-AB71-D3B16F80BFD8}.Debug|Any CPU.Build.0 = Debug|Any CPU
		{ABDD982F-3BF3-4B56-AB71-D3B16F80BFD8}.Release|Any CPU.ActiveCfg = Release|Any CPU
		{ABDD982F-3BF3-4B56-AB71-D3B16F80BFD8}.Release|Any CPU.Build.0 = Release|Any CPU
	EndGlobalSection
	GlobalSection(SolutionProperties) = preSolution
		HideSolutionNode = FALSE
	EndGlobalSection
	GlobalSection(ExtensibilityGlobals) = postSolution
		SolutionGuid = {E3D64FFA-101B-4389-9743-A9B78E645855}
	EndGlobalSection
EndGlobal
