
Microsoft Visual Studio Solution File, Format Version 12.00
# Visual Studio Version 17
VisualStudioVersion = 17.0.32126.317
MinimumVisualStudioVersion = 10.0.40219.1
Project("{FAE04EC0-301F-11D3-BF4B-00C04F79EFBC}") = "clase3.2POO", "clase3.2POO\clase3.2POO.csproj", "{558491C2-8287-4D30-A640-D3311138ECD4}"
EndProject
Global
	GlobalSection(SolutionConfigurationPlatforms) = preSolution
		Debug|Any CPU = Debug|Any CPU
		Release|Any CPU = Release|Any CPU
	EndGlobalSection
	GlobalSection(ProjectConfigurationPlatforms) = postSolution
		{558491C2-8287-4D30-A640-D3311138ECD4}.Debug|Any CPU.ActiveCfg = Debug|Any CPU
		{558491C2-8287-4D30-A640-D3311138ECD4}.Debug|Any CPU.Build.0 = Debug|Any CPU
		{558491C2-8287-4D30-A640-D3311138ECD4}.Release|Any CPU.ActiveCfg = Release|Any CPU
		{558491C2-8287-4D30-A640-D3311138ECD4}.Release|Any CPU.Build.0 = Release|Any CPU
	EndGlobalSection
	GlobalSection(SolutionProperties) = preSolution
		HideSolutionNode = FALSE
	EndGlobalSection
	GlobalSection(ExtensibilityGlobals) = postSolution
		SolutionGuid = {420C1CAF-6671-4EE5-A62F-A42BA45F3484}
	EndGlobalSection
EndGlobal
