
Microsoft Visual Studio Solution File, Format Version 12.00
# Visual Studio Version 16
VisualStudioVersion = 16.0.32106.194
MinimumVisualStudioVersion = 10.0.40219.1
Project("{FAE04EC0-301F-11D3-BF4B-00C04F79EFBC}") = "Ejer1Wewb", "Ejer1Wewb\Ejer1Wewb.csproj", "{086586C2-17F2-4B35-8057-8482ED063A91}"
EndProject
Global
	GlobalSection(SolutionConfigurationPlatforms) = preSolution
		Debug|Any CPU = Debug|Any CPU
		Release|Any CPU = Release|Any CPU
	EndGlobalSection
	GlobalSection(ProjectConfigurationPlatforms) = postSolution
		{086586C2-17F2-4B35-8057-8482ED063A91}.Debug|Any CPU.ActiveCfg = Debug|Any CPU
		{086586C2-17F2-4B35-8057-8482ED063A91}.Debug|Any CPU.Build.0 = Debug|Any CPU
		{086586C2-17F2-4B35-8057-8482ED063A91}.Release|Any CPU.ActiveCfg = Release|Any CPU
		{086586C2-17F2-4B35-8057-8482ED063A91}.Release|Any CPU.Build.0 = Release|Any CPU
	EndGlobalSection
	GlobalSection(SolutionProperties) = preSolution
		HideSolutionNode = FALSE
	EndGlobalSection
	GlobalSection(ExtensibilityGlobals) = postSolution
		SolutionGuid = {D77C461C-FB46-4388-9597-43AF90BB1109}
	EndGlobalSection
EndGlobal
