
Microsoft Visual Studio Solution File, Format Version 12.00
# Visual Studio Version 17
VisualStudioVersion = 17.0.32126.317
MinimumVisualStudioVersion = 10.0.40219.1
Project("{FAE04EC0-301F-11D3-BF4B-00C04F79EFBC}") = "Clase6.1", "Clase6.1\Clase6.1.csproj", "{A461AA97-D01A-4B53-A009-13331B7ED3EF}"
EndProject
Global
	GlobalSection(SolutionConfigurationPlatforms) = preSolution
		Debug|Any CPU = Debug|Any CPU
		Release|Any CPU = Release|Any CPU
	EndGlobalSection
	GlobalSection(ProjectConfigurationPlatforms) = postSolution
		{A461AA97-D01A-4B53-A009-13331B7ED3EF}.Debug|Any CPU.ActiveCfg = Debug|Any CPU
		{A461AA97-D01A-4B53-A009-13331B7ED3EF}.Debug|Any CPU.Build.0 = Debug|Any CPU
		{A461AA97-D01A-4B53-A009-13331B7ED3EF}.Release|Any CPU.ActiveCfg = Release|Any CPU
		{A461AA97-D01A-4B53-A009-13331B7ED3EF}.Release|Any CPU.Build.0 = Release|Any CPU
	EndGlobalSection
	GlobalSection(SolutionProperties) = preSolution
		HideSolutionNode = FALSE
	EndGlobalSection
	GlobalSection(ExtensibilityGlobals) = postSolution
		SolutionGuid = {32417350-31A5-4EC6-9B2F-66819CE5E2DB}
	EndGlobalSection
EndGlobal
